
Microsoft Visual Studio Solution File, Format Version 12.00
# Visual Studio Version 17
VisualStudioVersion = 17.7.34031.279
MinimumVisualStudioVersion = 10.0.40219.1
Project("{FAE04EC0-301F-11D3-BF4B-00C04F79EFBC}") = "Movie_Ticket_Booking", "Movie_Ticket_Booking\Movie_Ticket_Booking.csproj", "{0053B61D-D652-4437-93D3-2CABC8577070}"
EndProject
Global
	GlobalSection(SolutionConfigurationPlatforms) = preSolution
		Debug|Any CPU = Debug|Any CPU
		Release|Any CPU = Release|Any CPU
	EndGlobalSection
	GlobalSection(ProjectConfigurationPlatforms) = postSolution
		{0053B61D-D652-4437-93D3-2CABC8577070}.Debug|Any CPU.ActiveCfg = Debug|Any CPU
		{0053B61D-D652-4437-93D3-2CABC8577070}.Debug|Any CPU.Build.0 = Debug|Any CPU
		{0053B61D-D652-4437-93D3-2CABC8577070}.Release|Any CPU.ActiveCfg = Release|Any CPU
		{0053B61D-D652-4437-93D3-2CABC8577070}.Release|Any CPU.Build.0 = Release|Any CPU
	EndGlobalSection
	GlobalSection(SolutionProperties) = preSolution
		HideSolutionNode = FALSE
	EndGlobalSection
	GlobalSection(ExtensibilityGlobals) = postSolution
		SolutionGuid = {EBBAC04F-36F9-489E-A2EA-F9306C72F749}
	EndGlobalSection
EndGlobal
